// !$*UTF8*$!
{
	archiveVersion = 1;
	classes = {
	};
	objectVersion = 46;
	objects = {

/* Begin PBXBuildFile section */
		890B1EAA1C67E6FD009F159C /* AppDelegate.swift in Sources */ = {isa = PBXBuildFile; fileRef = 890B1EA91C67E6FD009F159C /* AppDelegate.swift */; };
		890B1EAC1C67E6FD009F159C /* ViewController.swift in Sources */ = {isa = PBXBuildFile; fileRef = 890B1EAB1C67E6FD009F159C /* ViewController.swift */; };
		890B1EAF1C67E6FD009F159C /* Main.storyboard in Resources */ = {isa = PBXBuildFile; fileRef = 890B1EAD1C67E6FD009F159C /* Main.storyboard */; };
		890B1EB11C67E6FD009F159C /* Assets.xcassets in Resources */ = {isa = PBXBuildFile; fileRef = 890B1EB01C67E6FD009F159C /* Assets.xcassets */; };
		890B1EB41C67E6FD009F159C /* LaunchScreen.storyboard in Resources */ = {isa = PBXBuildFile; fileRef = 890B1EB21C67E6FD009F159C /* LaunchScreen.storyboard */; };
		890B1EC01C67E872009F159C /* Queso.swift in Sources */ = {isa = PBXBuildFile; fileRef = 890B1EBF1C67E872009F159C /* Queso.swift */; };
		890B1EC21C67E88A009F159C /* Ingredientes.swift in Sources */ = {isa = PBXBuildFile; fileRef = 890B1EC11C67E88A009F159C /* Ingredientes.swift */; };
		890B1EC41C6806F3009F159C /* Masa.swift in Sources */ = {isa = PBXBuildFile; fileRef = 890B1EC31C6806F3009F159C /* Masa.swift */; };
		890B1EC81C68119F009F159C /* ConfirmPizza.swift in Sources */ = {isa = PBXBuildFile; fileRef = 890B1EC71C68119F009F159C /* ConfirmPizza.swift */; };
		890B1ECA1C684387009F159C /* Tamano.swift in Sources */ = {isa = PBXBuildFile; fileRef = 890B1EC91C684387009F159C /* Tamano.swift */; };
/* End PBXBuildFile section */

/* Begin PBXFileReference section */
		890B1EA61C67E6FD009F159C /* PizzeMakers.app */ = {isa = PBXFileReference; explicitFileType = wrapper.application; includeInIndex = 0; path = PizzeMakers.app; sourceTree = BUILT_PRODUCTS_DIR; };
		890B1EA91C67E6FD009F159C /* AppDelegate.swift */ = {isa = PBXFileReference; lastKnownFileType = sourcecode.swift; path = AppDelegate.swift; sourceTree = "<group>"; };
		890B1EAB1C67E6FD009F159C /* ViewController.swift */ = {isa = PBXFileReference; lastKnownFileType = sourcecode.swift; path = ViewController.swift; sourceTree = "<group>"; };
		890B1EAE1C67E6FD009F159C /* Base */ = {isa = PBXFileReference; lastKnownFileType = file.storyboard; name = Base; path = Base.lproj/Main.storyboard; sourceTree = "<group>"; };
		890B1EB01C67E6FD009F159C /* Assets.xcassets */ = {isa = PBXFileReference; lastKnownFileType = folder.assetcatalog; path = Assets.xcassets; sourceTree = "<group>"; };
		890B1EB31C67E6FD009F159C /* Base */ = {isa = PBXFileReference; lastKnownFileType = file.storyboard; name = Base; path = Base.lproj/LaunchScreen.storyboard; sourceTree = "<group>"; };
		890B1EB51C67E6FD009F159C /* Info.plist */ = {isa = PBXFileReference; lastKnownFileType = text.plist.xml; path = Info.plist; sourceTree = "<group>"; };
		890B1EBF1C67E872009F159C /* Queso.swift */ = {isa = PBXFileReference; fileEncoding = 4; lastKnownFileType = sourcecode.swift; path = Queso.swift; sourceTree = "<group>"; };
		890B1EC11C67E88A009F159C /* Ingredientes.swift */ = {isa = PBXFileReference; fileEncoding = 4; lastKnownFileType = sourcecode.swift; path = Ingredientes.swift; sourceTree = "<group>"; };
		890B1EC31C6806F3009F159C /* Masa.swift */ = {isa = PBXFileReference; fileEncoding = 4; lastKnownFileType = sourcecode.swift; path = Masa.swift; sourceTree = "<group>"; };
		890B1EC71C68119F009F159C /* ConfirmPizza.swift */ = {isa = PBXFileReference; fileEncoding = 4; lastKnownFileType = sourcecode.swift; path = ConfirmPizza.swift; sourceTree = "<group>"; };
		890B1EC91C684387009F159C /* Tamano.swift */ = {isa = PBXFileReference; fileEncoding = 4; lastKnownFileType = sourcecode.swift; path = Tamano.swift; sourceTree = "<group>"; };
/* End PBXFileReference section */

/* Begin PBXFrameworksBuildPhase section */
		890B1EA31C67E6FD009F159C /* Frameworks */ = {
			isa = PBXFrameworksBuildPhase;
			buildActionMask = 2147483647;
			files = (
			);
			runOnlyForDeploymentPostprocessing = 0;
		};
/* End PBXFrameworksBuildPhase section */

/* Begin PBXGroup section */
		890B1E9D1C67E6FD009F159C = {
			isa = PBXGroup;
			children = (
				890B1EA81C67E6FD009F159C /* PizzeMakers */,
				890B1EA71C67E6FD009F159C /* Products */,
			);
			sourceTree = "<group>";
		};
		890B1EA71C67E6FD009F159C /* Products */ = {
			isa = PBXGroup;
			children = (
				890B1EA61C67E6FD009F159C /* PizzeMakers.app */,
			);
			name = Products;
			sourceTree = "<group>";
		};
		890B1EA81C67E6FD009F159C /* PizzeMakers */ = {
			isa = PBXGroup;
			children = (
				890B1EA91C67E6FD009F159C /* AppDelegate.swift */,
				890B1EAB1C67E6FD009F159C /* ViewController.swift */,
				890B1EAD1C67E6FD009F159C /* Main.storyboard */,
				890B1EB01C67E6FD009F159C /* Assets.xcassets */,
				890B1EB21C67E6FD009F159C /* LaunchScreen.storyboard */,
				890B1EB51C67E6FD009F159C /* Info.plist */,
				890B1EBF1C67E872009F159C /* Queso.swift */,
				890B1EC11C67E88A009F159C /* Ingredientes.swift */,
				890B1EC31C6806F3009F159C /* Masa.swift */,
				890B1EC71C68119F009F159C /* ConfirmPizza.swift */,
				890B1EC91C684387009F159C /* Tamano.swift */,
			);
			path = PizzeMakers;
			sourceTree = "<group>";
		};
/* End PBXGroup section */

/* Begin PBXNativeTarget section */
		890B1EA51C67E6FD009F159C /* PizzeMakers */ = {
			isa = PBXNativeTarget;
			buildConfigurationList = 890B1EB81C67E6FD009F159C /* Build configuration list for PBXNativeTarget "PizzeMakers" */;
			buildPhases = (
				890B1EA21C67E6FD009F159C /* Sources */,
				890B1EA31C67E6FD009F159C /* Frameworks */,
				890B1EA41C67E6FD009F159C /* Resources */,
			);
			buildRules = (
			);
			dependencies = (
			);
			name = PizzeMakers;
			productName = PizzeMakers;
			productReference = 890B1EA61C67E6FD009F159C /* PizzeMakers.app */;
			productType = "com.apple.product-type.application";
		};
/* End PBXNativeTarget section */

/* Begin PBXProject section */
		890B1E9E1C67E6FD009F159C /* Project object */ = {
			isa = PBXProject;
			attributes = {
				LastSwiftUpdateCheck = 0720;
				LastUpgradeCheck = 0720;
				ORGANIZATIONNAME = "Joselyn Rodriguez";
				TargetAttributes = {
					890B1EA51C67E6FD009F159C = {
						CreatedOnToolsVersion = 7.2;
					};
				};
			};
			buildConfigurationList = 890B1EA11C67E6FD009F159C /* Build configuration list for PBXProject "PizzeMakers" */;
			compatibilityVersion = "Xcode 3.2";
			developmentRegion = English;
			hasScannedForEncodings = 0;
			knownRegions = (
				en,
				Base,
			);
			mainGroup = 890B1E9D1C67E6FD009F159C;
			productRefGroup = 890B1EA71C67E6FD009F159C /* Products */;
			projectDirPath = "";
			projectRoot = "";
			targets = (
				890B1EA51C67E6FD009F159C /* PizzeMakers */,
			);
		};
/* End PBXProject section */

/* Begin PBXResourcesBuildPhase section */
		890B1EA41C67E6FD009F159C /* Resources */ = {
			isa = PBXResourcesBuildPhase;
			buildActionMask = 2147483647;
			files = (
				890B1EB41C67E6FD009F159C /* LaunchScreen.storyboard in Resources */,
				890B1EB11C67E6FD009F159C /* Assets.xcassets in Resources */,
				890B1EAF1C67E6FD009F159C /* Main.storyboard in Resources */,
			);
			runOnlyForDeploymentPostprocessing = 0;
		};
/* End PBXResourcesBuildPhase section */

/* Begin PBXSourcesBuildPhase section */
		890B1EA21C67E6FD009F159C /* Sources */ = {
			isa = PBXSourcesBuildPhase;
			buildActionMask = 2147483647;
			files = (
				890B1EC21C67E88A009F159C /* Ingredientes.swift in Sources */,
				890B1EC01C67E872009F159C /* Queso.swift in Sources */,
				890B1EAC1C67E6FD009F159C /* ViewController.swift in Sources */,
				890B1EC81C68119F009F159C /* ConfirmPizza.swift in Sources */,
				890B1EAA1C67E6FD009F159C /* AppDelegate.swift in Sources */,
				890B1EC41C6806F3009F159C /* Masa.swift in Sources */,
				890B1ECA1C684387009F159C /* Tamano.swift in Sources */,
			);
			runOnlyForDeploymentPostprocessing = 0;
		};
/* End PBXSourcesBuildPhase section */

/* Begin PBXVariantGroup section */
		890B1EAD1C67E6FD009F159C /* Main.storyboard */ = {
			isa = PBXVariantGroup;
			children = (
				890B1EAE1C67E6FD009F159C /* Base */,
			);
			name = Main.storyboard;
			sourceTree = "<group>";
		};
		890B1EB21C67E6FD009F159C /* LaunchScreen.storyboard */ = {
			isa = PBXVariantGroup;
			children = (
				890B1EB31C67E6FD009F159C /* Base */,
			);
			name = LaunchScreen.storyboard;
			sourceTree = "<group>";
		};
/* End PBXVariantGroup section */

/* Begin XCBuildConfiguration section */
		890B1EB61C67E6FD009F159C /* Debug */ = {
			isa = XCBuildConfiguration;
			buildSettings = {
				ALWAYS_SEARCH_USER_PATHS = NO;
				CLANG_CXX_LANGUAGE_STANDARD = "gnu++0x";
				CLANG_CXX_LIBRARY = "libc++";
				CLANG_ENABLE_MODULES = YES;
				CLANG_ENABLE_OBJC_ARC = YES;
				CLANG_WARN_BOOL_CONVERSION = YES;
				CLANG_WARN_CONSTANT_CONVERSION = YES;
				CLANG_WARN_DIRECT_OBJC_ISA_USAGE = YES_ERROR;
				CLANG_WARN_EMPTY_BODY = YES;
				CLANG_WARN_ENUM_CONVERSION = YES;
				CLANG_WARN_INT_CONVERSION = YES;
				CLANG_WARN_OBJC_ROOT_CLASS = YES_ERROR;
				CLANG_WARN_UNREACHABLE_CODE = YES;
				CLANG_WARN__DUPLICATE_METHOD_MATCH = YES;
				"CODE_SIGN_IDENTITY[sdk=iphoneos*]" = "iPhone Developer";
				COPY_PHASE_STRIP = NO;
				DEBUG_INFORMATION_FORMAT = dwarf;
				ENABLE_STRICT_OBJC_MSGSEND = YES;
				ENABLE_TESTABILITY = YES;
				GCC_C_LANGUAGE_STANDARD = gnu99;
				GCC_DYNAMIC_NO_PIC = NO;
				GCC_NO_COMMON_BLOCKS = YES;
				GCC_OPTIMIZATION_LEVEL = 0;
				GCC_PREPROCESSOR_DEFINITIONS = (
					"DEBUG=1",
					"$(inherited)",
				);
				GCC_WARN_64_TO_32_BIT_CONVERSION = YES;
				GCC_WARN_ABOUT_RETURN_TYPE = YES_ERROR;
				GCC_WARN_UNDECLARED_SELECTOR = YES;
				GCC_WARN_UNINITIALIZED_AUTOS = YES_AGGRESSIVE;
				GCC_WARN_UNUSED_FUNCTION = YES;
				GCC_WARN_UNUSED_VARIABLE = YES;
				IPHONEOS_DEPLOYMENT_TARGET = 9.2;
				MTL_ENABLE_DEBUG_INFO = YES;
				ONLY_ACTIVE_ARCH = YES;
				SDKROOT = iphoneos;
				SWIFT_OPTIMIZATION_LEVEL = "-Onone";
				TARGETED_DEVICE_FAMILY = "1,2";
			};
			name = Debug;
		};
		890B1EB71C67E6FD009F159C /* Release */ = {
			isa = XCBuildConfiguration;
			buildSettings = {
				ALWAYS_SEARCH_USER_PATHS = NO;
				CLANG_CXX_LANGUAGE_STANDARD = "gnu++0x";
				CLANG_CXX_LIBRARY = "libc++";
				CLANG_ENABLE_MODULES = YES;
				CLANG_ENABLE_OBJC_ARC = YES;
				CLANG_WARN_BOOL_CONVERSION = YES;
				CLANG_WARN_CONSTANT_CONVERSION = YES;
				CLANG_WARN_DIRECT_OBJC_ISA_USAGE = YES_ERROR;
				CLANG_WARN_EMPTY_BODY = YES;
				CLANG_WARN_ENUM_CONVERSION = YES;
				CLANG_WARN_INT_CONVERSION = YES;
				CLANG_WARN_OBJC_ROOT_CLASS = YES_ERROR;
				CLANG_WARN_UNREACHABLE_CODE = YES;
				CLANG_WARN__DUPLICATE_METHOD_MATCH = YES;
				"CODE_SIGN_IDENTITY[sdk=iphoneos*]" = "iPhone Developer";
				COPY_PHASE_STRIP = NO;
				DEBUG_INFORMATION_FORMAT = "dwarf-with-dsym";
				ENABLE_NS_ASSERTIONS = NO;
				ENABLE_STRICT_OBJC_MSGSEND = YES;
				GCC_C_LANGUAGE_STANDARD = gnu99;
				GCC_NO_COMMON_BLOCKS = YES;
				GCC_WARN_64_TO_32_BIT_CONVERSION = YES;
				GCC_WARN_ABOUT_RETURN_TYPE = YES_ERROR;
				GCC_WARN_UNDECLARED_SELECTOR = YES;
				GCC_WARN_UNINITIALIZED_AUTOS = YES_AGGRESSIVE;
				GCC_WARN_UNUSED_FUNCTION = YES;
				GCC_WARN_UNUSED_VARIABLE = YES;
				IPHONEOS_DEPLOYMENT_TARGET = 9.2;
				MTL_ENABLE_DEBUG_INFO = NO;
				SDKROOT = iphoneos;
				TARGETED_DEVICE_FAMILY = "1,2";
				VALIDATE_PRODUCT = YES;
			};
			name = Release;
		};
		890B1EB91C67E6FD009F159C /* Debug */ = {
			isa = XCBuildConfiguration;
			buildSettings = {
				ASSETCATALOG_COMPILER_APPICON_NAME = AppIcon;
				INFOPLIST_FILE = PizzeMakers/Info.plist;
				LD_RUNPATH_SEARCH_PATHS = "$(inherited) @executable_path/Frameworks";
				PRODUCT_BUNDLE_IDENTIFIER = cr.ch.PizzeMakers;
				PRODUCT_NAME = "$(TARGET_NAME)";
			};
			name = Debug;
		};
		890B1EBA1C67E6FD009F159C /* Release */ = {
			isa = XCBuildConfiguration;
			buildSettings = {
				ASSETCATALOG_COMPILER_APPICON_NAME = AppIcon;
				INFOPLIST_FILE = PizzeMakers/Info.plist;
				LD_RUNPATH_SEARCH_PATHS = "$(inherited) @executable_path/Frameworks";
				PRODUCT_BUNDLE_IDENTIFIER = cr.ch.PizzeMakers;
				PRODUCT_NAME = "$(TARGET_NAME)";
			};
			name = Release;
		};
/* End XCBuildConfiguration section */

/* Begin XCConfigurationList section */
		890B1EA11C67E6FD009F159C /* Build configuration list for PBXProject "PizzeMakers" */ = {
			isa = XCConfigurationList;
			buildConfigurations = (
				890B1EB61C67E6FD009F159C /* Debug */,
				890B1EB71C67E6FD009F159C /* Release */,
			);
			defaultConfigurationIsVisible = 0;
			defaultConfigurationName = Release;
		};
		890B1EB81C67E6FD009F159C /* Build configuration list for PBXNativeTarget "PizzeMakers" */ = {
			isa = XCConfigurationList;
			buildConfigurations = (
				890B1EB91C67E6FD009F159C /* Debug */,
				890B1EBA1C67E6FD009F159C /* Release */,
			);
			defaultConfigurationIsVisible = 0;
		};
/* End XCConfigurationList section */
	};
	rootObject = 890B1E9E1C67E6FD009F159C /* Project object */;
}
